
Microsoft Visual Studio Solution File, Format Version 12.00
# Visual Studio Version 16
VisualStudioVersion = 16.0.31321.278
MinimumVisualStudioVersion = 10.0.40219.1
Project("{FAE04EC0-301F-11D3-BF4B-00C04F79EFBC}") = "Task_1(Print_every_even_number_from_1_to_100_and_their_sum)", "Task_1(Print_every_even_number_from_1_to_100_and_their_sum)\Task_1(Print_every_even_number_from_1_to_100_and_their_sum).csproj", "{2584C6C4-691C-4B14-BF35-C96B15880CF4}"
EndProject
Project("{FAE04EC0-301F-11D3-BF4B-00C04F79EFBC}") = "Task_2(print_sum_of_previous_number_using_do_while)", "Task_2(print_sum_of_previous_number_using_do_while)\Task_2(print_sum_of_previous_number_using_do_while).csproj", "{C3691D80-C445-4712-87A2-D7732149F5D6}"
EndProject
Global
	GlobalSection(SolutionConfigurationPlatforms) = preSolution
		Debug|Any CPU = Debug|Any CPU
		Release|Any CPU = Release|Any CPU
	EndGlobalSection
	GlobalSection(ProjectConfigurationPlatforms) = postSolution
		{2584C6C4-691C-4B14-BF35-C96B15880CF4}.Debug|Any CPU.ActiveCfg = Debug|Any CPU
		{2584C6C4-691C-4B14-BF35-C96B15880CF4}.Debug|Any CPU.Build.0 = Debug|Any CPU
		{2584C6C4-691C-4B14-BF35-C96B15880CF4}.Release|Any CPU.ActiveCfg = Release|Any CPU
		{2584C6C4-691C-4B14-BF35-C96B15880CF4}.Release|Any CPU.Build.0 = Release|Any CPU
		{C3691D80-C445-4712-87A2-D7732149F5D6}.Debug|Any CPU.ActiveCfg = Debug|Any CPU
		{C3691D80-C445-4712-87A2-D7732149F5D6}.Debug|Any CPU.Build.0 = Debug|Any CPU
		{C3691D80-C445-4712-87A2-D7732149F5D6}.Release|Any CPU.ActiveCfg = Release|Any CPU
		{C3691D80-C445-4712-87A2-D7732149F5D6}.Release|Any CPU.Build.0 = Release|Any CPU
	EndGlobalSection
	GlobalSection(SolutionProperties) = preSolution
		HideSolutionNode = FALSE
	EndGlobalSection
	GlobalSection(ExtensibilityGlobals) = postSolution
		SolutionGuid = {8151C5C8-35BF-40E2-85D1-A3C18CF2B3AD}
	EndGlobalSection
EndGlobal
