
Microsoft Visual Studio Solution File, Format Version 12.00
# Visual Studio Version 16
VisualStudioVersion = 16.0.31321.278
MinimumVisualStudioVersion = 10.0.40219.1
Project("{FAE04EC0-301F-11D3-BF4B-00C04F79EFBC}") = "Task_1(reverse_array)", "Task_1(reverse_array)\Task_1(reverse_array).csproj", "{544AEB99-B372-4023-B438-73BECE2D5A18}"
EndProject
Project("{FAE04EC0-301F-11D3-BF4B-00C04F79EFBC}") = "Task_2(sum_array)", "Task_2(sum_array)\Task_2(sum_array).csproj", "{082C2D1B-AA83-47AE-BB17-92B4C0142391}"
EndProject
Global
	GlobalSection(SolutionConfigurationPlatforms) = preSolution
		Debug|Any CPU = Debug|Any CPU
		Release|Any CPU = Release|Any CPU
	EndGlobalSection
	GlobalSection(ProjectConfigurationPlatforms) = postSolution
		{544AEB99-B372-4023-B438-73BECE2D5A18}.Debug|Any CPU.ActiveCfg = Debug|Any CPU
		{544AEB99-B372-4023-B438-73BECE2D5A18}.Debug|Any CPU.Build.0 = Debug|Any CPU
		{544AEB99-B372-4023-B438-73BECE2D5A18}.Release|Any CPU.ActiveCfg = Release|Any CPU
		{544AEB99-B372-4023-B438-73BECE2D5A18}.Release|Any CPU.Build.0 = Release|Any CPU
		{082C2D1B-AA83-47AE-BB17-92B4C0142391}.Debug|Any CPU.ActiveCfg = Debug|Any CPU
		{082C2D1B-AA83-47AE-BB17-92B4C0142391}.Debug|Any CPU.Build.0 = Debug|Any CPU
		{082C2D1B-AA83-47AE-BB17-92B4C0142391}.Release|Any CPU.ActiveCfg = Release|Any CPU
		{082C2D1B-AA83-47AE-BB17-92B4C0142391}.Release|Any CPU.Build.0 = Release|Any CPU
	EndGlobalSection
	GlobalSection(SolutionProperties) = preSolution
		HideSolutionNode = FALSE
	EndGlobalSection
	GlobalSection(ExtensibilityGlobals) = postSolution
		SolutionGuid = {BFD8C281-4F2E-417F-8D8F-0B41A44F1453}
	EndGlobalSection
EndGlobal
